
Microsoft Visual Studio Solution File, Format Version 12.00
# Visual Studio Version 17
VisualStudioVersion = 17.5.002.0
MinimumVisualStudioVersion = 10.0.40219.1
Project("{9A19103F-16F7-4668-BE54-9A1E7A4F7556}") = "DotnetAPI", "DotnetAPI.csproj", "{04B70F44-4A66-410E-BD9F-B4DF6F771588}"
EndProject
Global
	GlobalSection(SolutionConfigurationPlatforms) = preSolution
		Debug|Any CPU = Debug|Any CPU
		Release|Any CPU = Release|Any CPU
	EndGlobalSection
	GlobalSection(ProjectConfigurationPlatforms) = postSolution
		{04B70F44-4A66-410E-BD9F-B4DF6F771588}.Debug|Any CPU.ActiveCfg = Debug|Any CPU
		{04B70F44-4A66-410E-BD9F-B4DF6F771588}.Debug|Any CPU.Build.0 = Debug|Any CPU
		{04B70F44-4A66-410E-BD9F-B4DF6F771588}.Release|Any CPU.ActiveCfg = Release|Any CPU
		{04B70F44-4A66-410E-BD9F-B4DF6F771588}.Release|Any CPU.Build.0 = Release|Any CPU
	EndGlobalSection
	GlobalSection(SolutionProperties) = preSolution
		HideSolutionNode = FALSE
	EndGlobalSection
	GlobalSection(ExtensibilityGlobals) = postSolution
		SolutionGuid = {379680DC-A15E-4BE9-B32A-5CE9F9E14EAB}
	EndGlobalSection
EndGlobal
